
Microsoft Visual Studio Solution File, Format Version 12.00
# Visual Studio 14
VisualStudioVersion = 14.0.25420.1
MinimumVisualStudioVersion = 10.0.40219.1
Project("{FAE04EC0-301F-11D3-BF4B-00C04F79EFBC}") = "WebApi2", "WebApi2\WebApi2.csproj", "{88BCC414-31BB-48A8-90E2-58B8B657B810}"
EndProject
Project("{FAE04EC0-301F-11D3-BF4B-00C04F79EFBC}") = "Repozytorium", "Repozytorium\Repozytorium.csproj", "{1EC9B3B9-A3CB-4F90-BBF3-005B90D22068}"
EndProject
Global
	GlobalSection(SolutionConfigurationPlatforms) = preSolution
		Debug|Any CPU = Debug|Any CPU
		Release|Any CPU = Release|Any CPU
	EndGlobalSection
	GlobalSection(ProjectConfigurationPlatforms) = postSolution
		{88BCC414-31BB-48A8-90E2-58B8B657B810}.Debug|Any CPU.ActiveCfg = Debug|Any CPU
		{88BCC414-31BB-48A8-90E2-58B8B657B810}.Debug|Any CPU.Build.0 = Debug|Any CPU
		{88BCC414-31BB-48A8-90E2-58B8B657B810}.Release|Any CPU.ActiveCfg = Release|Any CPU
		{88BCC414-31BB-48A8-90E2-58B8B657B810}.Release|Any CPU.Build.0 = Release|Any CPU
		{1EC9B3B9-A3CB-4F90-BBF3-005B90D22068}.Debug|Any CPU.ActiveCfg = Debug|Any CPU
		{1EC9B3B9-A3CB-4F90-BBF3-005B90D22068}.Debug|Any CPU.Build.0 = Debug|Any CPU
		{1EC9B3B9-A3CB-4F90-BBF3-005B90D22068}.Release|Any CPU.ActiveCfg = Release|Any CPU
		{1EC9B3B9-A3CB-4F90-BBF3-005B90D22068}.Release|Any CPU.Build.0 = Release|Any CPU
	EndGlobalSection
	GlobalSection(SolutionProperties) = preSolution
		HideSolutionNode = FALSE
	EndGlobalSection
EndGlobal
